
Microsoft Visual Studio Solution File, Format Version 10.00
# Visual Studio 2008
Project("{E24C65DC-7377-472B-9ABA-BC803B73C61A}") = "薪酬管理", "薪酬管理\", "{96C0E7DA-8419-4BE6-8D6D-1570C360490B}"
	ProjectSection(WebsiteProperties) = preProject
		TargetFramework = "3.5"
		Debug.AspNetCompiler.VirtualPath = "/薪酬管理"
		Debug.AspNetCompiler.PhysicalPath = "D:\项目文件\HR项目薪酬部分\薪酬管理\"
		Debug.AspNetCompiler.TargetPath = "PrecompiledWeb\薪酬管理\"
		Debug.AspNetCompiler.Updateable = "true"
		Debug.AspNetCompiler.ForceOverwrite = "true"
		Debug.AspNetCompiler.FixedNames = "false"
		Debug.AspNetCompiler.Debug = "True"
		Release.AspNetCompiler.VirtualPath = "/薪酬管理"
		Release.AspNetCompiler.PhysicalPath = "D:\项目文件\HR项目薪酬部分\薪酬管理\"
		Release.AspNetCompiler.TargetPath = "PrecompiledWeb\薪酬管理\"
		Release.AspNetCompiler.Updateable = "true"
		Release.AspNetCompiler.ForceOverwrite = "true"
		Release.AspNetCompiler.FixedNames = "false"
		Release.AspNetCompiler.Debug = "False"
		VWDPort = "58555"
	EndProjectSection
EndProject
Project("{FAE04EC0-301F-11D3-BF4B-00C04F79EFBC}") = "ORM", "ORM\ORM.csproj", "{B22E37FB-0B1C-4483-A9C9-AAF32B5DC288}"
EndProject
Project("{FAE04EC0-301F-11D3-BF4B-00C04F79EFBC}") = "BAL", "BAL\BAL.csproj", "{A54D2FED-F383-464F-9B10-8E156683C530}"
EndProject
Project("{FAE04EC0-301F-11D3-BF4B-00C04F79EFBC}") = "DLL", "DLL\DLL.csproj", "{2CA3DC5F-189B-4D3F-9B98-A2E1531F7FD2}"
EndProject
Project("{FAE04EC0-301F-11D3-BF4B-00C04F79EFBC}") = "Util", "Util\Util.csproj", "{4C185950-1326-4B6E-8F8E-9607708F0A60}"
EndProject
Global
	GlobalSection(SolutionConfigurationPlatforms) = preSolution
		Debug|.NET = Debug|.NET
		Debug|Any CPU = Debug|Any CPU
		Debug|Mixed Platforms = Debug|Mixed Platforms
		Release|.NET = Release|.NET
		Release|Any CPU = Release|Any CPU
		Release|Mixed Platforms = Release|Mixed Platforms
	EndGlobalSection
	GlobalSection(ProjectConfigurationPlatforms) = postSolution
		{96C0E7DA-8419-4BE6-8D6D-1570C360490B}.Debug|.NET.ActiveCfg = Debug|.NET
		{96C0E7DA-8419-4BE6-8D6D-1570C360490B}.Debug|.NET.Build.0 = Debug|.NET
		{96C0E7DA-8419-4BE6-8D6D-1570C360490B}.Debug|Any CPU.ActiveCfg = Debug|.NET
		{96C0E7DA-8419-4BE6-8D6D-1570C360490B}.Debug|Mixed Platforms.ActiveCfg = Debug|.NET
		{96C0E7DA-8419-4BE6-8D6D-1570C360490B}.Debug|Mixed Platforms.Build.0 = Debug|.NET
		{96C0E7DA-8419-4BE6-8D6D-1570C360490B}.Release|.NET.ActiveCfg = Debug|.NET
		{96C0E7DA-8419-4BE6-8D6D-1570C360490B}.Release|.NET.Build.0 = Debug|.NET
		{96C0E7DA-8419-4BE6-8D6D-1570C360490B}.Release|Any CPU.ActiveCfg = Debug|.NET
		{96C0E7DA-8419-4BE6-8D6D-1570C360490B}.Release|Mixed Platforms.ActiveCfg = Debug|.NET
		{96C0E7DA-8419-4BE6-8D6D-1570C360490B}.Release|Mixed Platforms.Build.0 = Debug|.NET
		{B22E37FB-0B1C-4483-A9C9-AAF32B5DC288}.Debug|.NET.ActiveCfg = Debug|Any CPU
		{B22E37FB-0B1C-4483-A9C9-AAF32B5DC288}.Debug|Any CPU.ActiveCfg = Debug|Any CPU
		{B22E37FB-0B1C-4483-A9C9-AAF32B5DC288}.Debug|Any CPU.Build.0 = Debug|Any CPU
		{B22E37FB-0B1C-4483-A9C9-AAF32B5DC288}.Debug|Mixed Platforms.ActiveCfg = Debug|Any CPU
		{B22E37FB-0B1C-4483-A9C9-AAF32B5DC288}.Debug|Mixed Platforms.Build.0 = Debug|Any CPU
		{B22E37FB-0B1C-4483-A9C9-AAF32B5DC288}.Release|.NET.ActiveCfg = Release|Any CPU
		{B22E37FB-0B1C-4483-A9C9-AAF32B5DC288}.Release|Any CPU.ActiveCfg = Release|Any CPU
		{B22E37FB-0B1C-4483-A9C9-AAF32B5DC288}.Release|Any CPU.Build.0 = Release|Any CPU
		{B22E37FB-0B1C-4483-A9C9-AAF32B5DC288}.Release|Mixed Platforms.ActiveCfg = Release|Any CPU
		{B22E37FB-0B1C-4483-A9C9-AAF32B5DC288}.Release|Mixed Platforms.Build.0 = Release|Any CPU
		{A54D2FED-F383-464F-9B10-8E156683C530}.Debug|.NET.ActiveCfg = Debug|Any CPU
		{A54D2FED-F383-464F-9B10-8E156683C530}.Debug|Any CPU.ActiveCfg = Debug|Any CPU
		{A54D2FED-F383-464F-9B10-8E156683C530}.Debug|Any CPU.Build.0 = Debug|Any CPU
		{A54D2FED-F383-464F-9B10-8E156683C530}.Debug|Mixed Platforms.ActiveCfg = Debug|Any CPU
		{A54D2FED-F383-464F-9B10-8E156683C530}.Debug|Mixed Platforms.Build.0 = Debug|Any CPU
		{A54D2FED-F383-464F-9B10-8E156683C530}.Release|.NET.ActiveCfg = Release|Any CPU
		{A54D2FED-F383-464F-9B10-8E156683C530}.Release|Any CPU.ActiveCfg = Release|Any CPU
		{A54D2FED-F383-464F-9B10-8E156683C530}.Release|Any CPU.Build.0 = Release|Any CPU
		{A54D2FED-F383-464F-9B10-8E156683C530}.Release|Mixed Platforms.ActiveCfg = Release|Any CPU
		{A54D2FED-F383-464F-9B10-8E156683C530}.Release|Mixed Platforms.Build.0 = Release|Any CPU
		{2CA3DC5F-189B-4D3F-9B98-A2E1531F7FD2}.Debug|.NET.ActiveCfg = Debug|Any CPU
		{2CA3DC5F-189B-4D3F-9B98-A2E1531F7FD2}.Debug|Any CPU.ActiveCfg = Debug|Any CPU
		{2CA3DC5F-189B-4D3F-9B98-A2E1531F7FD2}.Debug|Any CPU.Build.0 = Debug|Any CPU
		{2CA3DC5F-189B-4D3F-9B98-A2E1531F7FD2}.Debug|Mixed Platforms.ActiveCfg = Debug|Any CPU
		{2CA3DC5F-189B-4D3F-9B98-A2E1531F7FD2}.Debug|Mixed Platforms.Build.0 = Debug|Any CPU
		{2CA3DC5F-189B-4D3F-9B98-A2E1531F7FD2}.Release|.NET.ActiveCfg = Release|Any CPU
		{2CA3DC5F-189B-4D3F-9B98-A2E1531F7FD2}.Release|Any CPU.ActiveCfg = Release|Any CPU
		{2CA3DC5F-189B-4D3F-9B98-A2E1531F7FD2}.Release|Any CPU.Build.0 = Release|Any CPU
		{2CA3DC5F-189B-4D3F-9B98-A2E1531F7FD2}.Release|Mixed Platforms.ActiveCfg = Release|Any CPU
		{2CA3DC5F-189B-4D3F-9B98-A2E1531F7FD2}.Release|Mixed Platforms.Build.0 = Release|Any CPU
		{4C185950-1326-4B6E-8F8E-9607708F0A60}.Debug|.NET.ActiveCfg = Debug|Any CPU
		{4C185950-1326-4B6E-8F8E-9607708F0A60}.Debug|Any CPU.ActiveCfg = Debug|Any CPU
		{4C185950-1326-4B6E-8F8E-9607708F0A60}.Debug|Any CPU.Build.0 = Debug|Any CPU
		{4C185950-1326-4B6E-8F8E-9607708F0A60}.Debug|Mixed Platforms.ActiveCfg = Debug|Any CPU
		{4C185950-1326-4B6E-8F8E-9607708F0A60}.Debug|Mixed Platforms.Build.0 = Debug|Any CPU
		{4C185950-1326-4B6E-8F8E-9607708F0A60}.Release|.NET.ActiveCfg = Release|Any CPU
		{4C185950-1326-4B6E-8F8E-9607708F0A60}.Release|Any CPU.ActiveCfg = Release|Any CPU
		{4C185950-1326-4B6E-8F8E-9607708F0A60}.Release|Any CPU.Build.0 = Release|Any CPU
		{4C185950-1326-4B6E-8F8E-9607708F0A60}.Release|Mixed Platforms.ActiveCfg = Release|Any CPU
		{4C185950-1326-4B6E-8F8E-9607708F0A60}.Release|Mixed Platforms.Build.0 = Release|Any CPU
	EndGlobalSection
	GlobalSection(SolutionProperties) = preSolution
		HideSolutionNode = FALSE
	EndGlobalSection
EndGlobal
